
Microsoft Visual Studio Solution File, Format Version 12.00
# Visual Studio Version 17
VisualStudioVersion = 17.5.002.0
MinimumVisualStudioVersion = 10.0.40219.1
Project("{9A19103F-16F7-4668-BE54-9A1E7A4F7556}") = "ProductManager Api", "ProductManager Api.csproj", "{A5601722-6DDC-4164-8D30-D3531F951003}"
EndProject
Global
	GlobalSection(SolutionConfigurationPlatforms) = preSolution
		Debug|Any CPU = Debug|Any CPU
		Release|Any CPU = Release|Any CPU
	EndGlobalSection
	GlobalSection(ProjectConfigurationPlatforms) = postSolution
		{A5601722-6DDC-4164-8D30-D3531F951003}.Debug|Any CPU.ActiveCfg = Debug|Any CPU
		{A5601722-6DDC-4164-8D30-D3531F951003}.Debug|Any CPU.Build.0 = Debug|Any CPU
		{A5601722-6DDC-4164-8D30-D3531F951003}.Release|Any CPU.ActiveCfg = Release|Any CPU
		{A5601722-6DDC-4164-8D30-D3531F951003}.Release|Any CPU.Build.0 = Release|Any CPU
	EndGlobalSection
	GlobalSection(SolutionProperties) = preSolution
		HideSolutionNode = FALSE
	EndGlobalSection
	GlobalSection(ExtensibilityGlobals) = postSolution
		SolutionGuid = {0A2FF18B-A692-4B27-A525-7647A0AA1BCC}
	EndGlobalSection
EndGlobal
